// !$*UTF8*$!
{
	archiveVersion = 1;
	classes = {
	};
	objectVersion = 55;
	objects = {

/* Begin PBXBuildFile section */
		5D86A5DF2741A27B00C4E01F /* AppDelegate.swift in Sources */ = {isa = PBXBuildFile; fileRef = 5D86A5DE2741A27B00C4E01F /* AppDelegate.swift */; };
		5D86A5E12741A27B00C4E01F /* SceneDelegate.swift in Sources */ = {isa = PBXBuildFile; fileRef = 5D86A5E02741A27B00C4E01F /* SceneDelegate.swift */; };
		5D86A5E82741A27E00C4E01F /* Assets.xcassets in Resources */ = {isa = PBXBuildFile; fileRef = 5D86A5E72741A27E00C4E01F /* Assets.xcassets */; };
		5D86A5EB2741A27E00C4E01F /* LaunchScreen.storyboard in Resources */ = {isa = PBXBuildFile; fileRef = 5D86A5E92741A27E00C4E01F /* LaunchScreen.storyboard */; };
		5D86A5F72741A30200C4E01F /* Main.storyboard in Resources */ = {isa = PBXBuildFile; fileRef = 5D86A5F62741A30200C4E01F /* Main.storyboard */; };
		5D86A5F92741A32D00C4E01F /* SongItem.swift in Sources */ = {isa = PBXBuildFile; fileRef = 5D86A5F82741A32D00C4E01F /* SongItem.swift */; };
		5D86A5FC2741A33600C4E01F /* SongDetailsTableViewCell.swift in Sources */ = {isa = PBXBuildFile; fileRef = 5D86A5FA2741A33600C4E01F /* SongDetailsTableViewCell.swift */; };
		5D86A5FD2741A33600C4E01F /* SongTableViewCell.swift in Sources */ = {isa = PBXBuildFile; fileRef = 5D86A5FB2741A33600C4E01F /* SongTableViewCell.swift */; };
		5D86A6022741A33D00C4E01F /* SongDetailViewController.swift in Sources */ = {isa = PBXBuildFile; fileRef = 5D86A5FE2741A33D00C4E01F /* SongDetailViewController.swift */; };
		5D86A6032741A33D00C4E01F /* SongDetailsTableViewController.swift in Sources */ = {isa = PBXBuildFile; fileRef = 5D86A5FF2741A33D00C4E01F /* SongDetailsTableViewController.swift */; };
		5D86A6042741A33D00C4E01F /* MainTableViewController.swift in Sources */ = {isa = PBXBuildFile; fileRef = 5D86A6002741A33D00C4E01F /* MainTableViewController.swift */; };
		5D86A6052741A33D00C4E01F /* SubSongDetailViewController.swift in Sources */ = {isa = PBXBuildFile; fileRef = 5D86A6012741A33D00C4E01F /* SubSongDetailViewController.swift */; };
		5D86A6082741A34300C4E01F /* MainTableDataSource.swift in Sources */ = {isa = PBXBuildFile; fileRef = 5D86A6062741A34300C4E01F /* MainTableDataSource.swift */; };
		5D86A6092741A34300C4E01F /* SongDetailsTableDataSource.swift in Sources */ = {isa = PBXBuildFile; fileRef = 5D86A6072741A34300C4E01F /* SongDetailsTableDataSource.swift */; };
/* End PBXBuildFile section */

/* Begin PBXFileReference section */
		5D86A5DB2741A27B00C4E01F /* Music Details.app */ = {isa = PBXFileReference; explicitFileType = wrapper.application; includeInIndex = 0; path = "Music Details.app"; sourceTree = BUILT_PRODUCTS_DIR; };
		5D86A5DE2741A27B00C4E01F /* AppDelegate.swift */ = {isa = PBXFileReference; lastKnownFileType = sourcecode.swift; path = AppDelegate.swift; sourceTree = "<group>"; };
		5D86A5E02741A27B00C4E01F /* SceneDelegate.swift */ = {isa = PBXFileReference; lastKnownFileType = sourcecode.swift; path = SceneDelegate.swift; sourceTree = "<group>"; };
		5D86A5E72741A27E00C4E01F /* Assets.xcassets */ = {isa = PBXFileReference; lastKnownFileType = folder.assetcatalog; path = Assets.xcassets; sourceTree = "<group>"; };
		5D86A5EA2741A27E00C4E01F /* Base */ = {isa = PBXFileReference; lastKnownFileType = file.storyboard; name = Base; path = Base.lproj/LaunchScreen.storyboard; sourceTree = "<group>"; };
		5D86A5EC2741A27E00C4E01F /* Info.plist */ = {isa = PBXFileReference; lastKnownFileType = text.plist.xml; path = Info.plist; sourceTree = "<group>"; };
		5D86A5F62741A30200C4E01F /* Main.storyboard */ = {isa = PBXFileReference; fileEncoding = 4; lastKnownFileType = file.storyboard; path = Main.storyboard; sourceTree = "<group>"; };
		5D86A5F82741A32D00C4E01F /* SongItem.swift */ = {isa = PBXFileReference; fileEncoding = 4; lastKnownFileType = sourcecode.swift; path = SongItem.swift; sourceTree = "<group>"; };
		5D86A5FA2741A33600C4E01F /* SongDetailsTableViewCell.swift */ = {isa = PBXFileReference; fileEncoding = 4; lastKnownFileType = sourcecode.swift; path = SongDetailsTableViewCell.swift; sourceTree = "<group>"; };
		5D86A5FB2741A33600C4E01F /* SongTableViewCell.swift */ = {isa = PBXFileReference; fileEncoding = 4; lastKnownFileType = sourcecode.swift; path = SongTableViewCell.swift; sourceTree = "<group>"; };
		5D86A5FE2741A33D00C4E01F /* SongDetailViewController.swift */ = {isa = PBXFileReference; fileEncoding = 4; lastKnownFileType = sourcecode.swift; path = SongDetailViewController.swift; sourceTree = "<group>"; };
		5D86A5FF2741A33D00C4E01F /* SongDetailsTableViewController.swift */ = {isa = PBXFileReference; fileEncoding = 4; lastKnownFileType = sourcecode.swift; path = SongDetailsTableViewController.swift; sourceTree = "<group>"; };
		5D86A6002741A33D00C4E01F /* MainTableViewController.swift */ = {isa = PBXFileReference; fileEncoding = 4; lastKnownFileType = sourcecode.swift; path = MainTableViewController.swift; sourceTree = "<group>"; };
		5D86A6012741A33D00C4E01F /* SubSongDetailViewController.swift */ = {isa = PBXFileReference; fileEncoding = 4; lastKnownFileType = sourcecode.swift; path = SubSongDetailViewController.swift; sourceTree = "<group>"; };
		5D86A6062741A34300C4E01F /* MainTableDataSource.swift */ = {isa = PBXFileReference; fileEncoding = 4; lastKnownFileType = sourcecode.swift; path = MainTableDataSource.swift; sourceTree = "<group>"; };
		5D86A6072741A34300C4E01F /* SongDetailsTableDataSource.swift */ = {isa = PBXFileReference; fileEncoding = 4; lastKnownFileType = sourcecode.swift; path = SongDetailsTableDataSource.swift; sourceTree = "<group>"; };
/* End PBXFileReference section */

/* Begin PBXFrameworksBuildPhase section */
		5D86A5D82741A27B00C4E01F /* Frameworks */ = {
			isa = PBXFrameworksBuildPhase;
			buildActionMask = 2147483647;
			files = (
			);
			runOnlyForDeploymentPostprocessing = 0;
		};
/* End PBXFrameworksBuildPhase section */

/* Begin PBXGroup section */
		5D86A5D22741A27B00C4E01F = {
			isa = PBXGroup;
			children = (
				5D86A5DD2741A27B00C4E01F /* Music Details */,
				5D86A5DC2741A27B00C4E01F /* Products */,
			);
			sourceTree = "<group>";
		};
		5D86A5DC2741A27B00C4E01F /* Products */ = {
			isa = PBXGroup;
			children = (
				5D86A5DB2741A27B00C4E01F /* Music Details.app */,
			);
			name = Products;
			sourceTree = "<group>";
		};
		5D86A5DD2741A27B00C4E01F /* Music Details */ = {
			isa = PBXGroup;
			children = (
				5D86A5DE2741A27B00C4E01F /* AppDelegate.swift */,
				5D86A5E02741A27B00C4E01F /* SceneDelegate.swift */,
				5D86A5F22741A29000C4E01F /* Models */,
				5D86A5F42741A2A000C4E01F /* Views */,
				5D86A5F32741A29600C4E01F /* Controllers */,
				5D86A5F62741A30200C4E01F /* Main.storyboard */,
				5D86A5E72741A27E00C4E01F /* Assets.xcassets */,
				5D86A5E92741A27E00C4E01F /* LaunchScreen.storyboard */,
				5D86A5EC2741A27E00C4E01F /* Info.plist */,
			);
			path = "Music Details";
			sourceTree = "<group>";
		};
		5D86A5F22741A29000C4E01F /* Models */ = {
			isa = PBXGroup;
			children = (
				5D86A5F82741A32D00C4E01F /* SongItem.swift */,
			);
			path = Models;
			sourceTree = "<group>";
		};
		5D86A5F32741A29600C4E01F /* Controllers */ = {
			isa = PBXGroup;
			children = (
				5D86A6002741A33D00C4E01F /* MainTableViewController.swift */,
				5D86A5FF2741A33D00C4E01F /* SongDetailsTableViewController.swift */,
				5D86A5FE2741A33D00C4E01F /* SongDetailViewController.swift */,
				5D86A6012741A33D00C4E01F /* SubSongDetailViewController.swift */,
				5D86A5F52741A2BA00C4E01F /* DataSources */,
			);
			path = Controllers;
			sourceTree = "<group>";
		};
		5D86A5F42741A2A000C4E01F /* Views */ = {
			isa = PBXGroup;
			children = (
				5D86A5FA2741A33600C4E01F /* SongDetailsTableViewCell.swift */,
				5D86A5FB2741A33600C4E01F /* SongTableViewCell.swift */,
			);
			path = Views;
			sourceTree = "<group>";
		};
		5D86A5F52741A2BA00C4E01F /* DataSources */ = {
			isa = PBXGroup;
			children = (
				5D86A6062741A34300C4E01F /* MainTableDataSource.swift */,
				5D86A6072741A34300C4E01F /* SongDetailsTableDataSource.swift */,
			);
			path = DataSources;
			sourceTree = "<group>";
		};
/* End PBXGroup section */

/* Begin PBXNativeTarget section */
		5D86A5DA2741A27B00C4E01F /* Music Details */ = {
			isa = PBXNativeTarget;
			buildConfigurationList = 5D86A5EF2741A27E00C4E01F /* Build configuration list for PBXNativeTarget "Music Details" */;
			buildPhases = (
				5D86A5D72741A27B00C4E01F /* Sources */,
				5D86A5D82741A27B00C4E01F /* Frameworks */,
				5D86A5D92741A27B00C4E01F /* Resources */,
			);
			buildRules = (
			);
			dependencies = (
			);
			name = "Music Details";
			productName = "Music Details";
			productReference = 5D86A5DB2741A27B00C4E01F /* Music Details.app */;
			productType = "com.apple.product-type.application";
		};
/* End PBXNativeTarget section */

/* Begin PBXProject section */
		5D86A5D32741A27B00C4E01F /* Project object */ = {
			isa = PBXProject;
			attributes = {
				BuildIndependentTargetsInParallel = 1;
				LastSwiftUpdateCheck = 1300;
				LastUpgradeCheck = 1300;
				TargetAttributes = {
					5D86A5DA2741A27B00C4E01F = {
						CreatedOnToolsVersion = 13.0;
					};
				};
			};
			buildConfigurationList = 5D86A5D62741A27B00C4E01F /* Build configuration list for PBXProject "Music Details" */;
			compatibilityVersion = "Xcode 13.0";
			developmentRegion = en;
			hasScannedForEncodings = 0;
			knownRegions = (
				en,
				Base,
			);
			mainGroup = 5D86A5D22741A27B00C4E01F;
			productRefGroup = 5D86A5DC2741A27B00C4E01F /* Products */;
			projectDirPath = "";
			projectRoot = "";
			targets = (
				5D86A5DA2741A27B00C4E01F /* Music Details */,
			);
		};
/* End PBXProject section */

/* Begin PBXResourcesBuildPhase section */
		5D86A5D92741A27B00C4E01F /* Resources */ = {
			isa = PBXResourcesBuildPhase;
			buildActionMask = 2147483647;
			files = (
				5D86A5F72741A30200C4E01F /* Main.storyboard in Resources */,
				5D86A5EB2741A27E00C4E01F /* LaunchScreen.storyboard in Resources */,
				5D86A5E82741A27E00C4E01F /* Assets.xcassets in Resources */,
			);
			runOnlyForDeploymentPostprocessing = 0;
		};
/* End PBXResourcesBuildPhase section */

/* Begin PBXSourcesBuildPhase section */
		5D86A5D72741A27B00C4E01F /* Sources */ = {
			isa = PBXSourcesBuildPhase;
			buildActionMask = 2147483647;
			files = (
				5D86A5FD2741A33600C4E01F /* SongTableViewCell.swift in Sources */,
				5D86A5DF2741A27B00C4E01F /* AppDelegate.swift in Sources */,
				5D86A6032741A33D00C4E01F /* SongDetailsTableViewController.swift in Sources */,
				5D86A6042741A33D00C4E01F /* MainTableViewController.swift in Sources */,
				5D86A5E12741A27B00C4E01F /* SceneDelegate.swift in Sources */,
				5D86A6092741A34300C4E01F /* SongDetailsTableDataSource.swift in Sources */,
				5D86A6022741A33D00C4E01F /* SongDetailViewController.swift in Sources */,
				5D86A5FC2741A33600C4E01F /* SongDetailsTableViewCell.swift in Sources */,
				5D86A6082741A34300C4E01F /* MainTableDataSource.swift in Sources */,
				5D86A5F92741A32D00C4E01F /* SongItem.swift in Sources */,
				5D86A6052741A33D00C4E01F /* SubSongDetailViewController.swift in Sources */,
			);
			runOnlyForDeploymentPostprocessing = 0;
		};
/* End PBXSourcesBuildPhase section */

/* Begin PBXVariantGroup section */
		5D86A5E92741A27E00C4E01F /* LaunchScreen.storyboard */ = {
			isa = PBXVariantGroup;
			children = (
				5D86A5EA2741A27E00C4E01F /* Base */,
			);
			name = LaunchScreen.storyboard;
			sourceTree = "<group>";
		};
/* End PBXVariantGroup section */

/* Begin XCBuildConfiguration section */
		5D86A5ED2741A27E00C4E01F /* Debug */ = {
			isa = XCBuildConfiguration;
			buildSettings = {
				ALWAYS_SEARCH_USER_PATHS = NO;
				CLANG_ANALYZER_NONNULL = YES;
				CLANG_ANALYZER_NUMBER_OBJECT_CONVERSION = YES_AGGRESSIVE;
				CLANG_CXX_LANGUAGE_STANDARD = "gnu++17";
				CLANG_CXX_LIBRARY = "libc++";
				CLANG_ENABLE_MODULES = YES;
				CLANG_ENABLE_OBJC_ARC = YES;
				CLANG_ENABLE_OBJC_WEAK = YES;
				CLANG_WARN_BLOCK_CAPTURE_AUTORELEASING = YES;
				CLANG_WARN_BOOL_CONVERSION = YES;
				CLANG_WARN_COMMA = YES;
				CLANG_WARN_CONSTANT_CONVERSION = YES;
				CLANG_WARN_DEPRECATED_OBJC_IMPLEMENTATIONS = YES;
				CLANG_WARN_DIRECT_OBJC_ISA_USAGE = YES_ERROR;
				CLANG_WARN_DOCUMENTATION_COMMENTS = YES;
				CLANG_WARN_EMPTY_BODY = YES;
				CLANG_WARN_ENUM_CONVERSION = YES;
				CLANG_WARN_INFINITE_RECURSION = YES;
				CLANG_WARN_INT_CONVERSION = YES;
				CLANG_WARN_NON_LITERAL_NULL_CONVERSION = YES;
				CLANG_WARN_OBJC_IMPLICIT_RETAIN_SELF = YES;
				CLANG_WARN_OBJC_LITERAL_CONVERSION = YES;
				CLANG_WARN_OBJC_ROOT_CLASS = YES_ERROR;
				CLANG_WARN_QUOTED_INCLUDE_IN_FRAMEWORK_HEADER = YES;
				CLANG_WARN_RANGE_LOOP_ANALYSIS = YES;
				CLANG_WARN_STRICT_PROTOTYPES = YES;
				CLANG_WARN_SUSPICIOUS_MOVE = YES;
				CLANG_WARN_UNGUARDED_AVAILABILITY = YES_AGGRESSIVE;
				CLANG_WARN_UNREACHABLE_CODE = YES;
				CLANG_WARN__DUPLICATE_METHOD_MATCH = YES;
				COPY_PHASE_STRIP = NO;
				DEBUG_INFORMATION_FORMAT = dwarf;
				ENABLE_STRICT_OBJC_MSGSEND = YES;
				ENABLE_TESTABILITY = YES;
				GCC_C_LANGUAGE_STANDARD = gnu11;
				GCC_DYNAMIC_NO_PIC = NO;
				GCC_NO_COMMON_BLOCKS = YES;
				GCC_OPTIMIZATION_LEVEL = 0;
				GCC_PREPROCESSOR_DEFINITIONS = (
					"DEBUG=1",
					"$(inherited)",
				);
				GCC_WARN_64_TO_32_BIT_CONVERSION = YES;
				GCC_WARN_ABOUT_RETURN_TYPE = YES_ERROR;
				GCC_WARN_UNDECLARED_SELECTOR = YES;
				GCC_WARN_UNINITIALIZED_AUTOS = YES_AGGRESSIVE;
				GCC_WARN_UNUSED_FUNCTION = YES;
				GCC_WARN_UNUSED_VARIABLE = YES;
				IPHONEOS_DEPLOYMENT_TARGET = 15.0;
				MTL_ENABLE_DEBUG_INFO = INCLUDE_SOURCE;
				MTL_FAST_MATH = YES;
				ONLY_ACTIVE_ARCH = YES;
				SDKROOT = iphoneos;
				SWIFT_ACTIVE_COMPILATION_CONDITIONS = DEBUG;
				SWIFT_OPTIMIZATION_LEVEL = "-Onone";
			};
			name = Debug;
		};
		5D86A5EE2741A27E00C4E01F /* Release */ = {
			isa = XCBuildConfiguration;
			buildSettings = {
				ALWAYS_SEARCH_USER_PATHS = NO;
				CLANG_ANALYZER_NONNULL = YES;
				CLANG_ANALYZER_NUMBER_OBJECT_CONVERSION = YES_AGGRESSIVE;
				CLANG_CXX_LANGUAGE_STANDARD = "gnu++17";
				CLANG_CXX_LIBRARY = "libc++";
				CLANG_ENABLE_MODULES = YES;
				CLANG_ENABLE_OBJC_ARC = YES;
				CLANG_ENABLE_OBJC_WEAK = YES;
				CLANG_WARN_BLOCK_CAPTURE_AUTORELEASING = YES;
				CLANG_WARN_BOOL_CONVERSION = YES;
				CLANG_WARN_COMMA = YES;
				CLANG_WARN_CONSTANT_CONVERSION = YES;
				CLANG_WARN_DEPRECATED_OBJC_IMPLEMENTATIONS = YES;
				CLANG_WARN_DIRECT_OBJC_ISA_USAGE = YES_ERROR;
				CLANG_WARN_DOCUMENTATION_COMMENTS = YES;
				CLANG_WARN_EMPTY_BODY = YES;
				CLANG_WARN_ENUM_CONVERSION = YES;
				CLANG_WARN_INFINITE_RECURSION = YES;
				CLANG_WARN_INT_CONVERSION = YES;
				CLANG_WARN_NON_LITERAL_NULL_CONVERSION = YES;
				CLANG_WARN_OBJC_IMPLICIT_RETAIN_SELF = YES;
				CLANG_WARN_OBJC_LITERAL_CONVERSION = YES;
				CLANG_WARN_OBJC_ROOT_CLASS = YES_ERROR;
				CLANG_WARN_QUOTED_INCLUDE_IN_FRAMEWORK_HEADER = YES;
				CLANG_WARN_RANGE_LOOP_ANALYSIS = YES;
				CLANG_WARN_STRICT_PROTOTYPES = YES;
				CLANG_WARN_SUSPICIOUS_MOVE = YES;
				CLANG_WARN_UNGUARDED_AVAILABILITY = YES_AGGRESSIVE;
				CLANG_WARN_UNREACHABLE_CODE = YES;
				CLANG_WARN__DUPLICATE_METHOD_MATCH = YES;
				COPY_PHASE_STRIP = NO;
				DEBUG_INFORMATION_FORMAT = "dwarf-with-dsym";
				ENABLE_NS_ASSERTIONS = NO;
				ENABLE_STRICT_OBJC_MSGSEND = YES;
				GCC_C_LANGUAGE_STANDARD = gnu11;
				GCC_NO_COMMON_BLOCKS = YES;
				GCC_WARN_64_TO_32_BIT_CONVERSION = YES;
				GCC_WARN_ABOUT_RETURN_TYPE = YES_ERROR;
				GCC_WARN_UNDECLARED_SELECTOR = YES;
				GCC_WARN_UNINITIALIZED_AUTOS = YES_AGGRESSIVE;
				GCC_WARN_UNUSED_FUNCTION = YES;
				GCC_WARN_UNUSED_VARIABLE = YES;
				IPHONEOS_DEPLOYMENT_TARGET = 15.0;
				MTL_ENABLE_DEBUG_INFO = NO;
				MTL_FAST_MATH = YES;
				SDKROOT = iphoneos;
				SWIFT_COMPILATION_MODE = wholemodule;
				SWIFT_OPTIMIZATION_LEVEL = "-O";
				VALIDATE_PRODUCT = YES;
			};
			name = Release;
		};
		5D86A5F02741A27E00C4E01F /* Debug */ = {
			isa = XCBuildConfiguration;
			buildSettings = {
				ASSETCATALOG_COMPILER_APPICON_NAME = AppIcon;
				ASSETCATALOG_COMPILER_GLOBAL_ACCENT_COLOR_NAME = AccentColor;
				CODE_SIGN_STYLE = Automatic;
				CURRENT_PROJECT_VERSION = 1;
				GENERATE_INFOPLIST_FILE = YES;
				INFOPLIST_FILE = "Music Details/Info.plist";
				INFOPLIST_KEY_UIApplicationSupportsIndirectInputEvents = YES;
				INFOPLIST_KEY_UILaunchStoryboardName = LaunchScreen;
				INFOPLIST_KEY_UIMainStoryboardFile = Main;
				INFOPLIST_KEY_UISupportedInterfaceOrientations_iPad = "UIInterfaceOrientationPortrait UIInterfaceOrientationPortraitUpsideDown UIInterfaceOrientationLandscapeLeft UIInterfaceOrientationLandscapeRight";
				INFOPLIST_KEY_UISupportedInterfaceOrientations_iPhone = "UIInterfaceOrientationPortrait UIInterfaceOrientationLandscapeLeft UIInterfaceOrientationLandscapeRight";
				LD_RUNPATH_SEARCH_PATHS = (
					"$(inherited)",
					"@executable_path/Frameworks",
				);
				MARKETING_VERSION = 1.0;
				PRODUCT_BUNDLE_IDENTIFIER = "CompSci01x.Music-Details";
				PRODUCT_NAME = "$(TARGET_NAME)";
				SWIFT_EMIT_LOC_STRINGS = YES;
				SWIFT_VERSION = 5.0;
				TARGETED_DEVICE_FAMILY = 1;
			};
			name = Debug;
		};
		5D86A5F12741A27E00C4E01F /* Release */ = {
			isa = XCBuildConfiguration;
			buildSettings = {
				ASSETCATALOG_COMPILER_APPICON_NAME = AppIcon;
				ASSETCATALOG_COMPILER_GLOBAL_ACCENT_COLOR_NAME = AccentColor;
				CODE_SIGN_STYLE = Automatic;
				CURRENT_PROJECT_VERSION = 1;
				GENERATE_INFOPLIST_FILE = YES;
				INFOPLIST_FILE = "Music Details/Info.plist";
				INFOPLIST_KEY_UIApplicationSupportsIndirectInputEvents = YES;
				INFOPLIST_KEY_UILaunchStoryboardName = LaunchScreen;
				INFOPLIST_KEY_UIMainStoryboardFile = Main;
				INFOPLIST_KEY_UISupportedInterfaceOrientations_iPad = "UIInterfaceOrientationPortrait UIInterfaceOrientationPortraitUpsideDown UIInterfaceOrientationLandscapeLeft UIInterfaceOrientationLandscapeRight";
				INFOPLIST_KEY_UISupportedInterfaceOrientations_iPhone = "UIInterfaceOrientationPortrait UIInterfaceOrientationLandscapeLeft UIInterfaceOrientationLandscapeRight";
				LD_RUNPATH_SEARCH_PATHS = (
					"$(inherited)",
					"@executable_path/Frameworks",
				);
				MARKETING_VERSION = 1.0;
				PRODUCT_BUNDLE_IDENTIFIER = "CompSci01x.Music-Details";
				PRODUCT_NAME = "$(TARGET_NAME)";
				SWIFT_EMIT_LOC_STRINGS = YES;
				SWIFT_VERSION = 5.0;
				TARGETED_DEVICE_FAMILY = 1;
			};
			name = Release;
		};
/* End XCBuildConfiguration section */

/* Begin XCConfigurationList section */
		5D86A5D62741A27B00C4E01F /* Build configuration list for PBXProject "Music Details" */ = {
			isa = XCConfigurationList;
			buildConfigurations = (
				5D86A5ED2741A27E00C4E01F /* Debug */,
				5D86A5EE2741A27E00C4E01F /* Release */,
			);
			defaultConfigurationIsVisible = 0;
			defaultConfigurationName = Release;
		};
		5D86A5EF2741A27E00C4E01F /* Build configuration list for PBXNativeTarget "Music Details" */ = {
			isa = XCConfigurationList;
			buildConfigurations = (
				5D86A5F02741A27E00C4E01F /* Debug */,
				5D86A5F12741A27E00C4E01F /* Release */,
			);
			defaultConfigurationIsVisible = 0;
			defaultConfigurationName = Release;
		};
/* End XCConfigurationList section */
	};
	rootObject = 5D86A5D32741A27B00C4E01F /* Project object */;
}
